{
    "_readme": [
        "This file locks the dependencies of your project to a known state",
        "Read more about it at https://getcomposer.org/doc/01-basic-usage.md#composer-lock-the-lock-file",
        "This file is @generated automatically"
    ],
    "hash": "55c303b731200285b28cb802eff1b480",
    "content-hash": "38bacb7f82c1157bcbfa0640e3236af1",
    "packages": [
        {
            "name": "advanced-custom-fields/advanced-custom-fields-pro",
            "version": "5.7.13",
            "dist": {
                "type": "zip",
                "url": "https://connect.advancedcustomfields.com/index.php?p=pro&a=download&t=5.7.13",
                "reference": null,
                "shasum": null
            },
            "require": {
                "composer/installers": "^1.0",
                "philippbaschke/acf-pro-installer": "^1.0"
            },
            "type": "wordpress-plugin"
        },
        {
            "name": "composer/installers",
            "version": "v1.9.0",
            "source": {
                "type": "git",
                "url": "https://github.com/composer/installers.git",
                "reference": "b93bcf0fa1fccb0b7d176b0967d969691cd74cca"
            },
            "dist": {
                "type": "zip",
                "url": "https://api.github.com/repos/composer/installers/zipball/b93bcf0fa1fccb0b7d176b0967d969691cd74cca",
                "reference": "b93bcf0fa1fccb0b7d176b0967d969691cd74cca",
                "shasum": ""
            },
            "require": {
                "composer-plugin-api": "^1.0 || ^2.0"
            },
            "replace": {
                "roundcube/plugin-installer": "*",
                "shama/baton": "*"
            },
            "require-dev": {
                "composer/composer": "1.6.* || 2.0.*@dev",
                "composer/semver": "1.0.* || 2.0.*@dev",
                "phpunit/phpunit": "^4.8.36",
                "sebastian/comparator": "^1.2.4",
                "symfony/process": "^2.3"
            },
            "type": "composer-plugin",
            "extra": {
                "class": "Composer\\Installers\\Plugin",
                "branch-alias": {
                    "dev-master": "1.0-dev"
                }
            },
            "autoload": {
                "psr-4": {
                    "Composer\\Installers\\": "src/Composer/Installers"
                }
            },
            "notification-url": "https://packagist.org/downloads/",
            "license": [
                "MIT"
            ],
            "authors": [
                {
                    "name": "Kyle Robinson Young",
                    "email": "kyle@dontkry.com",
                    "homepage": "https://github.com/shama"
                }
            ],
            "description": "A multi-framework Composer library installer",
            "homepage": "https://composer.github.io/installers/",
            "keywords": [
                "Craft",
                "Dolibarr",
                "Eliasis",
                "Hurad",
                "ImageCMS",
                "Kanboard",
                "Lan Management System",
                "MODX Evo",
                "MantisBT",
                "Mautic",
                "Maya",
                "OXID",
                "Plentymarkets",
                "Porto",
                "RadPHP",
                "SMF",
                "Thelia",
                "Whmcs",
                "WolfCMS",
                "agl",
                "aimeos",
                "annotatecms",
                "attogram",
                "bitrix",
                "cakephp",
                "chef",
                "cockpit",
                "codeigniter",
                "concrete5",
                "croogo",
                "dokuwiki",
                "drupal",
                "eZ Platform",
                "elgg",
                "expressionengine",
                "fuelphp",
                "grav",
                "installer",
                "itop",
                "joomla",
                "known",
                "kohana",
                "laravel",
                "lavalite",
                "lithium",
                "magento",
                "majima",
                "mako",
                "mediawiki",
                "modulework",
                "modx",
                "moodle",
                "osclass",
                "phpbb",
                "piwik",
                "ppi",
                "puppet",
                "pxcms",
                "reindex",
                "roundcube",
                "shopware",
                "silverstripe",
                "sydes",
                "sylius",
                "symfony",
                "typo3",
                "wordpress",
                "yawik",
                "zend",
                "zikula"
            ],
            "time": "2020-04-07 06:57:05"
        },
        {
            "name": "johnpbloch/wordpress",
            "version": "5.4.0",
            "source": {
                "type": "git",
                "url": "https://github.com/johnpbloch/wordpress.git",
                "reference": "6cec3b5d82e24c3fa565d725925afb63f116c584"
            },
            "dist": {
                "type": "zip",
                "url": "https://api.github.com/repos/johnpbloch/wordpress/zipball/6cec3b5d82e24c3fa565d725925afb63f116c584",
                "reference": "6cec3b5d82e24c3fa565d725925afb63f116c584",
                "shasum": ""
            },
            "require": {
                "johnpbloch/wordpress-core": "5.4.0",
                "johnpbloch/wordpress-core-installer": "^1.0",
                "php": ">=5.6.20"
            },
            "type": "package",
            "notification-url": "https://packagist.org/downloads/",
            "license": [
                "GPL-2.0+"
            ],
            "authors": [
                {
                    "name": "WordPress Community",
                    "homepage": "http://wordpress.org/about/"
                }
            ],
            "description": "WordPress is open source software you can use to create a beautiful website, blog, or app.",
            "homepage": "http://wordpress.org/",
            "keywords": [
                "blog",
                "cms",
                "wordpress"
            ],
            "time": "2020-03-31 20:17:18"
        },
        {
            "name": "johnpbloch/wordpress-core",
            "version": "5.4.0",
            "source": {
                "type": "git",
                "url": "https://github.com/johnpbloch/wordpress-core.git",
                "reference": "9a9941fcad81015507e6d03801aebc51296baf37"
            },
            "dist": {
                "type": "zip",
                "url": "https://api.github.com/repos/johnpbloch/wordpress-core/zipball/9a9941fcad81015507e6d03801aebc51296baf37",
                "reference": "9a9941fcad81015507e6d03801aebc51296baf37",
                "shasum": ""
            },
            "require": {
                "php": ">=5.6.20"
            },
            "provide": {
                "wordpress/core-implementation": "5.4.0"
            },
            "type": "wordpress-core",
            "notification-url": "https://packagist.org/downloads/",
            "license": [
                "GPL-2.0-or-later"
            ],
            "authors": [
                {
                    "name": "WordPress Community",
                    "homepage": "https://wordpress.org/about/"
                }
            ],
            "description": "WordPress is open source software you can use to create a beautiful website, blog, or app.",
            "homepage": "https://wordpress.org/",
            "keywords": [
                "blog",
                "cms",
                "wordpress"
            ],
            "time": "2020-03-31 20:17:13"
        },
        {
            "name": "johnpbloch/wordpress-core-installer",
            "version": "1.0.2",
            "source": {
                "type": "git",
                "url": "https://github.com/johnpbloch/wordpress-core-installer.git",
                "reference": "fd12f5cfe27223b92b0f4bbc097059eb23cc56c4"
            },
            "dist": {
                "type": "zip",
                "url": "https://api.github.com/repos/johnpbloch/wordpress-core-installer/zipball/fd12f5cfe27223b92b0f4bbc097059eb23cc56c4",
                "reference": "fd12f5cfe27223b92b0f4bbc097059eb23cc56c4",
                "shasum": ""
            },
            "require": {
                "composer-plugin-api": "^1.0"
            },
            "conflict": {
                "composer/installers": "<1.0.6"
            },
            "require-dev": {
                "composer/composer": "^1.0",
                "phpunit/phpunit": ">=4.8.35"
            },
            "type": "composer-plugin",
            "extra": {
                "class": "johnpbloch\\Composer\\WordPressCorePlugin"
            },
            "autoload": {
                "psr-0": {
                    "johnpbloch\\Composer\\": "src/"
                }
            },
            "notification-url": "https://packagist.org/downloads/",
            "license": [
                "GPL-2.0-or-later"
            ],
            "authors": [
                {
                    "name": "John P. Bloch",
                    "email": "me@johnpbloch.com"
                }
            ],
            "description": "A custom installer to handle deploying WordPress with composer",
            "keywords": [
                "wordpress"
            ],
            "time": "2018-11-09 20:10:38"
        },
        {
            "name": "oscarotero/env",
            "version": "v1.2.0",
            "source": {
                "type": "git",
                "url": "https://github.com/oscarotero/env.git",
                "reference": "4ab45ce5c1f2c62549208426bfa20a3d5fa008c6"
            },
            "dist": {
                "type": "zip",
                "url": "https://api.github.com/repos/oscarotero/env/zipball/4ab45ce5c1f2c62549208426bfa20a3d5fa008c6",
                "reference": "4ab45ce5c1f2c62549208426bfa20a3d5fa008c6",
                "shasum": ""
            },
            "require": {
                "ext-ctype": "*",
                "php": ">=5.2"
            },
            "type": "library",
            "autoload": {
                "psr-0": {
                    "Env": "src/"
                }
            },
            "notification-url": "https://packagist.org/downloads/",
            "license": [
                "MIT"
            ],
            "authors": [
                {
                    "name": "Oscar Otero",
                    "email": "oom@oscarotero.com",
                    "homepage": "http://oscarotero.com",
                    "role": "Developer"
                }
            ],
            "description": "Simple library to consume environment variables",
            "homepage": "https://github.com/oscarotero/env",
            "keywords": [
                "env"
            ],
            "time": "2019-04-03 18:28:43"
        },
        {
            "name": "philippbaschke/acf-pro-installer",
            "version": "v1.0.2",
            "source": {
                "type": "git",
                "url": "https://github.com/PhilippBaschke/acf-pro-installer.git",
                "reference": "f18e537183958159ef5f6cb1f5b684f59d55f3eb"
            },
            "dist": {
                "type": "zip",
                "url": "https://api.github.com/repos/PhilippBaschke/acf-pro-installer/zipball/f18e537183958159ef5f6cb1f5b684f59d55f3eb",
                "reference": "f18e537183958159ef5f6cb1f5b684f59d55f3eb",
                "shasum": ""
            },
            "require": {
                "composer-plugin-api": "^1.0",
                "php": ">=5.5",
                "vlucas/phpdotenv": "^2.2"
            },
            "require-dev": {
                "composer/composer": "1.0.*",
                "phpunit/phpunit": "4.8.*",
                "satooshi/php-coveralls": "1.*",
                "squizlabs/php_codesniffer": "2.*"
            },
            "type": "composer-plugin",
            "extra": {
                "class": "PhilippBaschke\\ACFProInstaller\\Plugin"
            },
            "autoload": {
                "psr-4": {
                    "PhilippBaschke\\ACFProInstaller\\": "src/ACFProInstaller"
                }
            },
            "notification-url": "https://packagist.org/downloads/",
            "license": [
                "MIT"
            ],
            "authors": [
                {
                    "name": "Philipp Baschke",
                    "email": "philipp@baschke.com"
                }
            ],
            "description": "An install helper for Advanced Custom Fields PRO",
            "keywords": [
                "acf",
                "composer",
                "env",
                "plugin",
                "pro",
                "wordpress",
                "wp"
            ],
            "time": "2016-07-20 10:19:36"
        },
        {
            "name": "roots/soil",
            "version": "3.9.0",
            "source": {
                "type": "git",
                "url": "https://github.com/roots/soil.git",
                "reference": "63dcd6e1754a4c806ce3d3077b44d908c58b374e"
            },
            "dist": {
                "type": "zip",
                "url": "https://api.github.com/repos/roots/soil/zipball/63dcd6e1754a4c806ce3d3077b44d908c58b374e",
                "reference": "63dcd6e1754a4c806ce3d3077b44d908c58b374e",
                "shasum": ""
            },
            "require": {
                "composer/installers": "~1.0",
                "php": ">=5.4.0"
            },
            "require-dev": {
                "squizlabs/php_codesniffer": "^2.5.1"
            },
            "type": "wordpress-plugin",
            "notification-url": "https://packagist.org/downloads/",
            "license": [
                "MIT"
            ],
            "authors": [
                {
                    "name": "Ben Word",
                    "email": "ben@benword.com",
                    "homepage": "https://github.com/retlehs"
                },
                {
                    "name": "Scott Walkinshaw",
                    "email": "scott.walkinshaw@gmail.com",
                    "homepage": "https://github.com/swalkinshaw"
                }
            ],
            "description": "A WordPress plugin which contains a collection of modules to apply theme-agnostic front-end modifications",
            "homepage": "https://roots.io/plugins/soil/",
            "keywords": [
                "wordpress"
            ],
            "time": "2019-12-07 22:25:02"
        },
        {
            "name": "roots/wp-password-bcrypt",
            "version": "1.0.0",
            "source": {
                "type": "git",
                "url": "https://github.com/roots/wp-password-bcrypt.git",
                "reference": "5cecd2e98ccc3193443cc5c5db9b3bc7abed5ffa"
            },
            "dist": {
                "type": "zip",
                "url": "https://api.github.com/repos/roots/wp-password-bcrypt/zipball/5cecd2e98ccc3193443cc5c5db9b3bc7abed5ffa",
                "reference": "5cecd2e98ccc3193443cc5c5db9b3bc7abed5ffa",
                "shasum": ""
            },
            "require": {
                "composer/installers": "~1.0",
                "php": ">=5.5.0"
            },
            "require-dev": {
                "brain/monkey": "^1.3.1",
                "mockery/mockery": "^0.9.4",
                "phpunit/phpunit": "^4.8.23|^5.2.9",
                "squizlabs/php_codesniffer": "^2.5.1"
            },
            "type": "library",
            "autoload": {
                "files": [
                    "wp-password-bcrypt.php"
                ]
            },
            "notification-url": "https://packagist.org/downloads/",
            "license": [
                "MIT"
            ],
            "authors": [
                {
                    "name": "Scott Walkinshaw",
                    "email": "scott.walkinshaw@gmail.com",
                    "homepage": "https://github.com/swalkinshaw"
                },
                {
                    "name": "qwp6t",
                    "homepage": "https://github.com/qwp6t"
                },
                {
                    "name": "Jan Pingel",
                    "email": "jpingel@bitpiston.com",
                    "homepage": "http://janpingel.com"
                }
            ],
            "description": "WordPress plugin which replaces wp_hash_password and wp_check_password's phpass hasher with PHP 5.5's password_hash and password_verify using bcrypt.",
            "homepage": "https://roots.io/plugins/wp-password-bcrypt",
            "keywords": [
                "wordpress wp bcrypt password"
            ],
            "time": "2016-03-01 16:27:06"
        },
        {
            "name": "roots/wp-stage-switcher",
            "version": "2.1.0",
            "source": {
                "type": "git",
                "url": "https://github.com/roots/wp-stage-switcher.git",
                "reference": "c8bffa5a5d757437112f32833fb9e28dcbfecafe"
            },
            "dist": {
                "type": "zip",
                "url": "https://api.github.com/repos/roots/wp-stage-switcher/zipball/c8bffa5a5d757437112f32833fb9e28dcbfecafe",
                "reference": "c8bffa5a5d757437112f32833fb9e28dcbfecafe",
                "shasum": ""
            },
            "require": {
                "composer/installers": "~1.0",
                "php": ">=5.4.0"
            },
            "type": "wordpress-plugin",
            "notification-url": "https://packagist.org/downloads/",
            "license": [
                "MIT"
            ],
            "authors": [
                {
                    "name": "Scott Walkinshaw",
                    "email": "scott.walkinshaw@gmail.com",
                    "homepage": "https://github.com/swalkinshaw"
                },
                {
                    "name": "Ben Word",
                    "email": "ben@benword.com",
                    "homepage": "https://github.com/retlehs"
                }
            ],
            "description": "WordPress plugin that allows you to switch between different environments from the admin bar",
            "homepage": "https://roots.io/plugin/stage-switcher/",
            "keywords": [
                "wordpress"
            ],
            "time": "2019-03-23 20:05:36"
        },
        {
            "name": "symfony/polyfill-ctype",
            "version": "v1.15.0",
            "source": {
                "type": "git",
                "url": "https://github.com/symfony/polyfill-ctype.git",
                "reference": "4719fa9c18b0464d399f1a63bf624b42b6fa8d14"
            },
            "dist": {
                "type": "zip",
                "url": "https://api.github.com/repos/symfony/polyfill-ctype/zipball/4719fa9c18b0464d399f1a63bf624b42b6fa8d14",
                "reference": "4719fa9c18b0464d399f1a63bf624b42b6fa8d14",
                "shasum": ""
            },
            "require": {
                "php": ">=5.3.3"
            },
            "suggest": {
                "ext-ctype": "For best performance"
            },
            "type": "library",
            "extra": {
                "branch-alias": {
                    "dev-master": "1.15-dev"
                }
            },
            "autoload": {
                "psr-4": {
                    "Symfony\\Polyfill\\Ctype\\": ""
                },
                "files": [
                    "bootstrap.php"
                ]
            },
            "notification-url": "https://packagist.org/downloads/",
            "license": [
                "MIT"
            ],
            "authors": [
                {
                    "name": "Gert de Pagter",
                    "email": "BackEndTea@gmail.com"
                },
                {
                    "name": "Symfony Community",
                    "homepage": "https://symfony.com/contributors"
                }
            ],
            "description": "Symfony polyfill for ctype functions",
            "homepage": "https://symfony.com",
            "keywords": [
                "compatibility",
                "ctype",
                "polyfill",
                "portable"
            ],
            "time": "2020-02-27 09:26:54"
        },
        {
            "name": "undefinedio/admin-theme",
            "version": "1.1.9",
            "source": {
                "type": "git",
                "url": "https://github.com/undefinedio/admin-theme.git",
                "reference": "1aa843ae3e320352c93825c84d3818a71a864fd4"
            },
            "dist": {
                "type": "zip",
                "url": "https://api.github.com/repos/undefinedio/admin-theme/zipball/1aa843ae3e320352c93825c84d3818a71a864fd4",
                "reference": "1aa843ae3e320352c93825c84d3818a71a864fd4",
                "shasum": ""
            },
            "type": "wordpress-plugin",
            "notification-url": "https://packagist.org/downloads/",
            "license": [
                "MIT"
            ],
            "description": "Undefined Admin Theme",
            "time": "2017-09-13 13:26:46"
        },
        {
            "name": "vlucas/phpdotenv",
            "version": "v2.6.3",
            "source": {
                "type": "git",
                "url": "https://github.com/vlucas/phpdotenv.git",
                "reference": "df4c4d08a639be4ef5d6d1322868f9e477553679"
            },
            "dist": {
                "type": "zip",
                "url": "https://api.github.com/repos/vlucas/phpdotenv/zipball/df4c4d08a639be4ef5d6d1322868f9e477553679",
                "reference": "df4c4d08a639be4ef5d6d1322868f9e477553679",
                "shasum": ""
            },
            "require": {
                "php": ">=5.3.9",
                "symfony/polyfill-ctype": "^1.9"
            },
            "require-dev": {
                "ext-filter": "*",
                "ext-pcre": "*",
                "phpunit/phpunit": "^4.8.35 || ^5.0"
            },
            "suggest": {
                "ext-filter": "Required to use the boolean validator.",
                "ext-pcre": "Required to use most of the library."
            },
            "type": "library",
            "extra": {
                "branch-alias": {
                    "dev-master": "2.6-dev"
                }
            },
            "autoload": {
                "psr-4": {
                    "Dotenv\\": "src/"
                }
            },
            "notification-url": "https://packagist.org/downloads/",
            "license": [
                "BSD-3-Clause"
            ],
            "authors": [
                {
                    "name": "Vance Lucas",
                    "email": "vance@vancelucas.com",
                    "homepage": "http://www.vancelucas.com"
                }
            ],
            "description": "Loads environment variables from `.env` to `getenv()`, `$_ENV` and `$_SERVER` automagically.",
            "keywords": [
                "dotenv",
                "env",
                "environment"
            ],
            "time": "2020-04-12 15:11:38"
        },
        {
            "name": "wpackagist-plugin/debug-bar",
            "version": "1.0",
            "source": {
                "type": "svn",
                "url": "https://plugins.svn.wordpress.org/debug-bar/",
                "reference": "tags/1.0"
            },
            "dist": {
                "type": "zip",
                "url": "https://downloads.wordpress.org/plugin/debug-bar.1.0.zip",
                "reference": null,
                "shasum": null
            },
            "require": {
                "composer/installers": "~1.0"
            },
            "type": "wordpress-plugin",
            "homepage": "https://wordpress.org/plugins/debug-bar/"
        },
        {
            "name": "wpackagist-plugin/debug-bar-timber",
            "version": "0.3",
            "source": {
                "type": "svn",
                "url": "https://plugins.svn.wordpress.org/debug-bar-timber/",
                "reference": "tags/0.3"
            },
            "dist": {
                "type": "zip",
                "url": "https://downloads.wordpress.org/plugin/debug-bar-timber.0.3.zip",
                "reference": null,
                "shasum": null
            },
            "require": {
                "composer/installers": "~1.0"
            },
            "type": "wordpress-plugin",
            "homepage": "https://wordpress.org/plugins/debug-bar-timber/"
        },
        {
            "name": "wpackagist-plugin/duplicate-post",
            "version": "3.2.4",
            "source": {
                "type": "svn",
                "url": "https://plugins.svn.wordpress.org/duplicate-post/",
                "reference": "tags/3.2.4"
            },
            "dist": {
                "type": "zip",
                "url": "https://downloads.wordpress.org/plugin/duplicate-post.3.2.4.zip",
                "reference": null,
                "shasum": null
            },
            "require": {
                "composer/installers": "~1.0"
            },
            "type": "wordpress-plugin",
            "homepage": "https://wordpress.org/plugins/duplicate-post/"
        },
        {
            "name": "wpackagist-plugin/health-check",
            "version": "1.4.4",
            "source": {
                "type": "svn",
                "url": "https://plugins.svn.wordpress.org/health-check/",
                "reference": "tags/1.4.4"
            },
            "dist": {
                "type": "zip",
                "url": "https://downloads.wordpress.org/plugin/health-check.1.4.4.zip",
                "reference": null,
                "shasum": null
            },
            "require": {
                "composer/installers": "~1.0"
            },
            "type": "wordpress-plugin",
            "homepage": "https://wordpress.org/plugins/health-check/"
        },
        {
            "name": "wpackagist-plugin/really-simple-ssl",
            "version": "3.3.1",
            "source": {
                "type": "svn",
                "url": "https://plugins.svn.wordpress.org/really-simple-ssl/",
                "reference": "tags/3.3.1"
            },
            "dist": {
                "type": "zip",
                "url": "https://downloads.wordpress.org/plugin/really-simple-ssl.3.3.1.zip",
                "reference": null,
                "shasum": null
            },
            "require": {
                "composer/installers": "~1.0"
            },
            "type": "wordpress-plugin",
            "homepage": "https://wordpress.org/plugins/really-simple-ssl/"
        },
        {
            "name": "wpackagist-plugin/simple-custom-post-order",
            "version": "2.4.9",
            "source": {
                "type": "svn",
                "url": "https://plugins.svn.wordpress.org/simple-custom-post-order/",
                "reference": "tags/2.4.9"
            },
            "dist": {
                "type": "zip",
                "url": "https://downloads.wordpress.org/plugin/simple-custom-post-order.2.4.9.zip",
                "reference": null,
                "shasum": null
            },
            "require": {
                "composer/installers": "~1.0"
            },
            "type": "wordpress-plugin",
            "homepage": "https://wordpress.org/plugins/simple-custom-post-order/"
        },
        {
            "name": "wpackagist-plugin/timber-library",
            "version": "1.15.2",
            "source": {
                "type": "svn",
                "url": "https://plugins.svn.wordpress.org/timber-library/",
                "reference": "tags/1.15.2"
            },
            "dist": {
                "type": "zip",
                "url": "https://downloads.wordpress.org/plugin/timber-library.1.15.2.zip",
                "reference": null,
                "shasum": null
            },
            "require": {
                "composer/installers": "~1.0"
            },
            "type": "wordpress-plugin",
            "homepage": "https://wordpress.org/plugins/timber-library/"
        }
    ],
    "packages-dev": [],
    "aliases": [],
    "minimum-stability": "stable",
    "stability-flags": [],
    "prefer-stable": false,
    "prefer-lowest": false,
    "platform": {
        "php": ">=5.6"
    },
    "platform-dev": []
}
